// !$*UTF8*$!
{
	archiveVersion = 1;
	classes = {
	};
	objectVersion = 46;
	objects = {

/* Begin PBXBuildFile section */
		3A224F9D1EAD611700091BB3 /* AppDelegate.swift in Sources */ = {isa = PBXBuildFile; fileRef = 3A224F9C1EAD611700091BB3 /* AppDelegate.swift */; };
		3A224F9F1EAD611700091BB3 /* MainViewController.swift in Sources */ = {isa = PBXBuildFile; fileRef = 3A224F9E1EAD611700091BB3 /* MainViewController.swift */; };
		3A224FA21EAD611700091BB3 /* Main.storyboard in Resources */ = {isa = PBXBuildFile; fileRef = 3A224FA01EAD611700091BB3 /* Main.storyboard */; };
		3A224FA41EAD611700091BB3 /* Assets.xcassets in Resources */ = {isa = PBXBuildFile; fileRef = 3A224FA31EAD611700091BB3 /* Assets.xcassets */; };
		3A224FA71EAD611700091BB3 /* LaunchScreen.storyboard in Resources */ = {isa = PBXBuildFile; fileRef = 3A224FA51EAD611700091BB3 /* LaunchScreen.storyboard */; };
		3A2365D81EB47E4F00D60443 /* FilmDetailsViewController.swift in Sources */ = {isa = PBXBuildFile; fileRef = 3A2365D71EB47E4F00D60443 /* FilmDetailsViewController.swift */; };
		3A2365DA1EB543D700D60443 /* GoogleService-Info.plist in Resources */ = {isa = PBXBuildFile; fileRef = 3A2365D91EB543D700D60443 /* GoogleService-Info.plist */; };
		3A2365DC1EB5495300D60443 /* LocationPhotoCollectionViewCell.swift in Sources */ = {isa = PBXBuildFile; fileRef = 3A2365DB1EB5495300D60443 /* LocationPhotoCollectionViewCell.swift */; };
		3A75FD081EB416A1008F5400 /* Map.storyboard in Resources */ = {isa = PBXBuildFile; fileRef = 3A75FD071EB416A1008F5400 /* Map.storyboard */; };
		3A75FD0A1EB416CF008F5400 /* List.storyboard in Resources */ = {isa = PBXBuildFile; fileRef = 3A75FD091EB416CF008F5400 /* List.storyboard */; };
		3A75FD0C1EB416E5008F5400 /* Login.storyboard in Resources */ = {isa = PBXBuildFile; fileRef = 3A75FD0B1EB416E5008F5400 /* Login.storyboard */; };
		3A75FD0E1EB41792008F5400 /* FilmDetails.storyboard in Resources */ = {isa = PBXBuildFile; fileRef = 3A75FD0D1EB41792008F5400 /* FilmDetails.storyboard */; };
		3A75FD101EB41800008F5400 /* Post.storyboard in Resources */ = {isa = PBXBuildFile; fileRef = 3A75FD0F1EB41800008F5400 /* Post.storyboard */; };
		88790C081EB6F9BE0025C5EE /* MoviePosterView.xib in Resources */ = {isa = PBXBuildFile; fileRef = 88790C071EB6F9BE0025C5EE /* MoviePosterView.xib */; };
		88790C0C1EB6FA3D0025C5EE /* MoviewPosterView.swift in Sources */ = {isa = PBXBuildFile; fileRef = 88790C0B1EB6FA3D0025C5EE /* MoviewPosterView.swift */; };
		8894F1151EB945C500FFDAA1 /* MapView.swift in Sources */ = {isa = PBXBuildFile; fileRef = 8894F1141EB945C500FFDAA1 /* MapView.swift */; };
		8A559882E961A19DE2C6ECF3 /* Pods_Film_Locations.framework in Frameworks */ = {isa = PBXBuildFile; fileRef = 7CA186C724D76407B1FE1434 /* Pods_Film_Locations.framework */; };
		D3009ABE1EB5848500E075ED /* Movie.swift in Sources */ = {isa = PBXBuildFile; fileRef = D3009ABB1EB5848500E075ED /* Movie.swift */; };
		D3009ABF1EB5848500E075ED /* Location.swift in Sources */ = {isa = PBXBuildFile; fileRef = D3009ABC1EB5848500E075ED /* Location.swift */; };
		D3009AC01EB5848500E075ED /* FirebaseMovie.swift in Sources */ = {isa = PBXBuildFile; fileRef = D3009ABD1EB5848500E075ED /* FirebaseMovie.swift */; };
		D3009AC31EB584C200E075ED /* ListViewCell.swift in Sources */ = {isa = PBXBuildFile; fileRef = D3009AC21EB584C200E075ED /* ListViewCell.swift */; };
		D3009AC51EB584CD00E075ED /* ListViewController.swift in Sources */ = {isa = PBXBuildFile; fileRef = D3009AC41EB584CD00E075ED /* ListViewController.swift */; };
		D31F4FEA1EB4552F003CC557 /* MenuViewController.swift in Sources */ = {isa = PBXBuildFile; fileRef = D31F4FE81EB4552F003CC557 /* MenuViewController.swift */; };
		D31F4FEB1EB4552F003CC557 /* MenuViewController.xib in Resources */ = {isa = PBXBuildFile; fileRef = D31F4FE91EB4552F003CC557 /* MenuViewController.xib */; };
		D31F4FED1EB45633003CC557 /* InternalConfiguration.swift in Sources */ = {isa = PBXBuildFile; fileRef = D31F4FEC1EB45633003CC557 /* InternalConfiguration.swift */; };
		D35BE4961EB692F1003E0C8F /* Database.swift in Sources */ = {isa = PBXBuildFile; fileRef = D35BE4951EB692F1003E0C8F /* Database.swift */; };
		D35BE4981EB69384003E0C8F /* MapViewController.swift in Sources */ = {isa = PBXBuildFile; fileRef = D35BE4971EB69384003E0C8F /* MapViewController.swift */; };
		D35BE49A1EB698AC003E0C8F /* all_movies (1).json in Resources */ = {isa = PBXBuildFile; fileRef = D35BE4991EB698AC003E0C8F /* all_movies (1).json */; };
		D3926D071EB5A25B00762144 /* InputMoviesData.json in Resources */ = {isa = PBXBuildFile; fileRef = D3926D061EB5A25B00762144 /* InputMoviesData.json */; };
/* End PBXBuildFile section */

/* Begin PBXFileReference section */
		3A224F991EAD611700091BB3 /* Film Locations.app */ = {isa = PBXFileReference; explicitFileType = wrapper.application; includeInIndex = 0; path = "Film Locations.app"; sourceTree = BUILT_PRODUCTS_DIR; };
		3A224F9C1EAD611700091BB3 /* AppDelegate.swift */ = {isa = PBXFileReference; lastKnownFileType = sourcecode.swift; path = AppDelegate.swift; sourceTree = "<group>"; };
		3A224F9E1EAD611700091BB3 /* MainViewController.swift */ = {isa = PBXFileReference; lastKnownFileType = sourcecode.swift; path = MainViewController.swift; sourceTree = "<group>"; };
		3A224FA11EAD611700091BB3 /* Base */ = {isa = PBXFileReference; lastKnownFileType = file.storyboard; name = Base; path = Base.lproj/Main.storyboard; sourceTree = "<group>"; };
		3A224FA31EAD611700091BB3 /* Assets.xcassets */ = {isa = PBXFileReference; lastKnownFileType = folder.assetcatalog; path = Assets.xcassets; sourceTree = "<group>"; };
		3A224FA61EAD611700091BB3 /* Base */ = {isa = PBXFileReference; lastKnownFileType = file.storyboard; name = Base; path = Base.lproj/LaunchScreen.storyboard; sourceTree = "<group>"; };
		3A224FA81EAD611700091BB3 /* Info.plist */ = {isa = PBXFileReference; lastKnownFileType = text.plist.xml; path = Info.plist; sourceTree = "<group>"; };
		3A2365D71EB47E4F00D60443 /* FilmDetailsViewController.swift */ = {isa = PBXFileReference; fileEncoding = 4; lastKnownFileType = sourcecode.swift; path = FilmDetailsViewController.swift; sourceTree = "<group>"; };
		3A2365D91EB543D700D60443 /* GoogleService-Info.plist */ = {isa = PBXFileReference; fileEncoding = 4; lastKnownFileType = text.plist.xml; path = "GoogleService-Info.plist"; sourceTree = "<group>"; };
		3A2365DB1EB5495300D60443 /* LocationPhotoCollectionViewCell.swift */ = {isa = PBXFileReference; fileEncoding = 4; lastKnownFileType = sourcecode.swift; path = LocationPhotoCollectionViewCell.swift; sourceTree = "<group>"; };
		3A75FD071EB416A1008F5400 /* Map.storyboard */ = {isa = PBXFileReference; fileEncoding = 4; lastKnownFileType = file.storyboard; path = Map.storyboard; sourceTree = "<group>"; };
		3A75FD091EB416CF008F5400 /* List.storyboard */ = {isa = PBXFileReference; fileEncoding = 4; lastKnownFileType = file.storyboard; path = List.storyboard; sourceTree = "<group>"; };
		3A75FD0B1EB416E5008F5400 /* Login.storyboard */ = {isa = PBXFileReference; fileEncoding = 4; lastKnownFileType = file.storyboard; path = Login.storyboard; sourceTree = "<group>"; };
		3A75FD0D1EB41792008F5400 /* FilmDetails.storyboard */ = {isa = PBXFileReference; fileEncoding = 4; lastKnownFileType = file.storyboard; path = FilmDetails.storyboard; sourceTree = "<group>"; };
		3A75FD0F1EB41800008F5400 /* Post.storyboard */ = {isa = PBXFileReference; fileEncoding = 4; lastKnownFileType = file.storyboard; path = Post.storyboard; sourceTree = "<group>"; };
		7CA186C724D76407B1FE1434 /* Pods_Film_Locations.framework */ = {isa = PBXFileReference; explicitFileType = wrapper.framework; includeInIndex = 0; path = Pods_Film_Locations.framework; sourceTree = BUILT_PRODUCTS_DIR; };
		88790C071EB6F9BE0025C5EE /* MoviePosterView.xib */ = {isa = PBXFileReference; fileEncoding = 4; lastKnownFileType = file.xib; path = MoviePosterView.xib; sourceTree = "<group>"; };
		88790C0B1EB6FA3D0025C5EE /* MoviewPosterView.swift */ = {isa = PBXFileReference; fileEncoding = 4; lastKnownFileType = sourcecode.swift; path = MoviewPosterView.swift; sourceTree = "<group>"; };
		8894F1141EB945C500FFDAA1 /* MapView.swift */ = {isa = PBXFileReference; fileEncoding = 4; lastKnownFileType = sourcecode.swift; path = MapView.swift; sourceTree = "<group>"; };
		95F5320A160EB9BDD66EB8A0 /* Pods-Film Locations.debug.xcconfig */ = {isa = PBXFileReference; includeInIndex = 1; lastKnownFileType = text.xcconfig; name = "Pods-Film Locations.debug.xcconfig"; path = "Pods/Target Support Files/Pods-Film Locations/Pods-Film Locations.debug.xcconfig"; sourceTree = "<group>"; };
		D251F5A791118332ED48C6CD /* Pods-Film Locations.release.xcconfig */ = {isa = PBXFileReference; includeInIndex = 1; lastKnownFileType = text.xcconfig; name = "Pods-Film Locations.release.xcconfig"; path = "Pods/Target Support Files/Pods-Film Locations/Pods-Film Locations.release.xcconfig"; sourceTree = "<group>"; };
		D3009ABB1EB5848500E075ED /* Movie.swift */ = {isa = PBXFileReference; fileEncoding = 4; lastKnownFileType = sourcecode.swift; path = Movie.swift; sourceTree = "<group>"; };
		D3009ABC1EB5848500E075ED /* Location.swift */ = {isa = PBXFileReference; fileEncoding = 4; lastKnownFileType = sourcecode.swift; path = Location.swift; sourceTree = "<group>"; };
		D3009ABD1EB5848500E075ED /* FirebaseMovie.swift */ = {isa = PBXFileReference; fileEncoding = 4; lastKnownFileType = sourcecode.swift; path = FirebaseMovie.swift; sourceTree = "<group>"; };
		D3009AC21EB584C200E075ED /* ListViewCell.swift */ = {isa = PBXFileReference; fileEncoding = 4; lastKnownFileType = sourcecode.swift; path = ListViewCell.swift; sourceTree = "<group>"; };
		D3009AC41EB584CD00E075ED /* ListViewController.swift */ = {isa = PBXFileReference; fileEncoding = 4; lastKnownFileType = sourcecode.swift; path = ListViewController.swift; sourceTree = "<group>"; };
		D31F4FE81EB4552F003CC557 /* MenuViewController.swift */ = {isa = PBXFileReference; fileEncoding = 4; lastKnownFileType = sourcecode.swift; path = MenuViewController.swift; sourceTree = "<group>"; };
		D31F4FE91EB4552F003CC557 /* MenuViewController.xib */ = {isa = PBXFileReference; fileEncoding = 4; lastKnownFileType = file.xib; path = MenuViewController.xib; sourceTree = "<group>"; };
		D31F4FEC1EB45633003CC557 /* InternalConfiguration.swift */ = {isa = PBXFileReference; fileEncoding = 4; lastKnownFileType = sourcecode.swift; path = InternalConfiguration.swift; sourceTree = "<group>"; };
		D35BE4951EB692F1003E0C8F /* Database.swift */ = {isa = PBXFileReference; fileEncoding = 4; lastKnownFileType = sourcecode.swift; path = Database.swift; sourceTree = "<group>"; };
		D35BE4971EB69384003E0C8F /* MapViewController.swift */ = {isa = PBXFileReference; fileEncoding = 4; lastKnownFileType = sourcecode.swift; path = MapViewController.swift; sourceTree = "<group>"; };
		D35BE4991EB698AC003E0C8F /* all_movies (1).json */ = {isa = PBXFileReference; fileEncoding = 4; lastKnownFileType = text.json; path = "all_movies (1).json"; sourceTree = "<group>"; };
		D3926D061EB5A25B00762144 /* InputMoviesData.json */ = {isa = PBXFileReference; fileEncoding = 4; lastKnownFileType = text.json; path = InputMoviesData.json; sourceTree = "<group>"; };
/* End PBXFileReference section */

/* Begin PBXFrameworksBuildPhase section */
		3A224F961EAD611700091BB3 /* Frameworks */ = {
			isa = PBXFrameworksBuildPhase;
			buildActionMask = 2147483647;
			files = (
				8A559882E961A19DE2C6ECF3 /* Pods_Film_Locations.framework in Frameworks */,
			);
			runOnlyForDeploymentPostprocessing = 0;
		};
/* End PBXFrameworksBuildPhase section */

/* Begin PBXGroup section */
		34C4DFBB31D8DE3742580DF7 /* Pods */ = {
			isa = PBXGroup;
			children = (
				95F5320A160EB9BDD66EB8A0 /* Pods-Film Locations.debug.xcconfig */,
				D251F5A791118332ED48C6CD /* Pods-Film Locations.release.xcconfig */,
			);
			name = Pods;
			sourceTree = "<group>";
		};
		3A224F901EAD611700091BB3 = {
			isa = PBXGroup;
			children = (
				3A224F9B1EAD611700091BB3 /* Film Locations */,
				3A224F9A1EAD611700091BB3 /* Products */,
				34C4DFBB31D8DE3742580DF7 /* Pods */,
				52BB540EE117109547E057A0 /* Frameworks */,
			);
			sourceTree = "<group>";
		};
		3A224F9A1EAD611700091BB3 /* Products */ = {
			isa = PBXGroup;
			children = (
				3A224F991EAD611700091BB3 /* Film Locations.app */,
			);
			name = Products;
			sourceTree = "<group>";
		};
		3A224F9B1EAD611700091BB3 /* Film Locations */ = {
			isa = PBXGroup;
			children = (
				D35BE4991EB698AC003E0C8F /* all_movies (1).json */,
				D3926D061EB5A25B00762144 /* InputMoviesData.json */,
				D3009AC11EB584B500E075ED /* Views */,
				88E1F1B41EB50049004CC616 /* CustomNavigation */,
				3A75FD041EB40E2E008F5400 /* API */,
				3A75FD051EB40E39008F5400 /* Models */,
				3A75FD031EB40E27008F5400 /* View Controllers */,
				3A75FD061EB40E7F008F5400 /* Storyboards */,
				3A224F9C1EAD611700091BB3 /* AppDelegate.swift */,
				D31F4FEC1EB45633003CC557 /* InternalConfiguration.swift */,
				3A224FA31EAD611700091BB3 /* Assets.xcassets */,
				3A224FA51EAD611700091BB3 /* LaunchScreen.storyboard */,
				3A224FA81EAD611700091BB3 /* Info.plist */,
				3A2365D91EB543D700D60443 /* GoogleService-Info.plist */,
			);
			path = "Film Locations";
			sourceTree = "<group>";
		};
		3A75FD031EB40E27008F5400 /* View Controllers */ = {
			isa = PBXGroup;
			children = (
				D31F4FE81EB4552F003CC557 /* MenuViewController.swift */,
				D31F4FE91EB4552F003CC557 /* MenuViewController.xib */,
				3A224F9E1EAD611700091BB3 /* MainViewController.swift */,
				D35BE4971EB69384003E0C8F /* MapViewController.swift */,
				D3009AC41EB584CD00E075ED /* ListViewController.swift */,
				3A2365D71EB47E4F00D60443 /* FilmDetailsViewController.swift */,
			);
			name = "View Controllers";
			sourceTree = "<group>";
		};
		3A75FD041EB40E2E008F5400 /* API */ = {
			isa = PBXGroup;
			children = (
				D35BE4951EB692F1003E0C8F /* Database.swift */,
			);
			name = API;
			sourceTree = "<group>";
		};
		3A75FD051EB40E39008F5400 /* Models */ = {
			isa = PBXGroup;
			children = (
				D3009ABB1EB5848500E075ED /* Movie.swift */,
				D3009ABC1EB5848500E075ED /* Location.swift */,
				D3009ABD1EB5848500E075ED /* FirebaseMovie.swift */,
			);
			name = Models;
			sourceTree = "<group>";
		};
		3A75FD061EB40E7F008F5400 /* Storyboards */ = {
			isa = PBXGroup;
			children = (
				3A75FD071EB416A1008F5400 /* Map.storyboard */,
				3A75FD091EB416CF008F5400 /* List.storyboard */,
				3A75FD0B1EB416E5008F5400 /* Login.storyboard */,
				3A224FA01EAD611700091BB3 /* Main.storyboard */,
				3A75FD0D1EB41792008F5400 /* FilmDetails.storyboard */,
				3A75FD0F1EB41800008F5400 /* Post.storyboard */,
			);
			name = Storyboards;
			sourceTree = "<group>";
		};
		52BB540EE117109547E057A0 /* Frameworks */ = {
			isa = PBXGroup;
			children = (
				7CA186C724D76407B1FE1434 /* Pods_Film_Locations.framework */,
			);
			name = Frameworks;
			sourceTree = "<group>";
		};
		88E1F1B41EB50049004CC616 /* CustomNavigation */ = {
			isa = PBXGroup;
			children = (
			);
			name = CustomNavigation;
			sourceTree = "<group>";
		};
		D3009AC11EB584B500E075ED /* Views */ = {
			isa = PBXGroup;
			children = (
				D3009AC21EB584C200E075ED /* ListViewCell.swift */,
				3A2365DB1EB5495300D60443 /* LocationPhotoCollectionViewCell.swift */,
				88790C071EB6F9BE0025C5EE /* MoviePosterView.xib */,
				88790C0B1EB6FA3D0025C5EE /* MoviewPosterView.swift */,
				8894F1141EB945C500FFDAA1 /* MapView.swift */,
			);
			name = Views;
			sourceTree = "<group>";
		};
/* End PBXGroup section */

/* Begin PBXNativeTarget section */
		3A224F981EAD611700091BB3 /* Film Locations */ = {
			isa = PBXNativeTarget;
			buildConfigurationList = 3A224FAB1EAD611700091BB3 /* Build configuration list for PBXNativeTarget "Film Locations" */;
			buildPhases = (
				09BF0516AB5BE300F71F1AA6 /* [CP] Check Pods Manifest.lock */,
				3A224F951EAD611700091BB3 /* Sources */,
				3A224F961EAD611700091BB3 /* Frameworks */,
				3A224F971EAD611700091BB3 /* Resources */,
				7CFD87DB1F66D03A67104C78 /* [CP] Embed Pods Frameworks */,
				2276AF9E1FC5A66BB113A678 /* [CP] Copy Pods Resources */,
			);
			buildRules = (
			);
			dependencies = (
			);
			name = "Film Locations";
			productName = "Film Locations";
			productReference = 3A224F991EAD611700091BB3 /* Film Locations.app */;
			productType = "com.apple.product-type.application";
		};
/* End PBXNativeTarget section */

/* Begin PBXProject section */
		3A224F911EAD611700091BB3 /* Project object */ = {
			isa = PBXProject;
			attributes = {
				LastSwiftUpdateCheck = 0830;
				LastUpgradeCheck = 0830;
				ORGANIZATIONNAME = "Codepath Spring17";
				TargetAttributes = {
					3A224F981EAD611700091BB3 = {
						CreatedOnToolsVersion = 8.3.1;
						DevelopmentTeam = 57478PSBBB;
						ProvisioningStyle = Automatic;
					};
				};
			};
			buildConfigurationList = 3A224F941EAD611700091BB3 /* Build configuration list for PBXProject "Film Locations" */;
			compatibilityVersion = "Xcode 3.2";
			developmentRegion = English;
			hasScannedForEncodings = 0;
			knownRegions = (
				en,
				Base,
			);
			mainGroup = 3A224F901EAD611700091BB3;
			productRefGroup = 3A224F9A1EAD611700091BB3 /* Products */;
			projectDirPath = "";
			projectRoot = "";
			targets = (
				3A224F981EAD611700091BB3 /* Film Locations */,
			);
		};
/* End PBXProject section */

/* Begin PBXResourcesBuildPhase section */
		3A224F971EAD611700091BB3 /* Resources */ = {
			isa = PBXResourcesBuildPhase;
			buildActionMask = 2147483647;
			files = (
				3A224FA71EAD611700091BB3 /* LaunchScreen.storyboard in Resources */,
				D3926D071EB5A25B00762144 /* InputMoviesData.json in Resources */,
				3A75FD0C1EB416E5008F5400 /* Login.storyboard in Resources */,
				3A75FD0E1EB41792008F5400 /* FilmDetails.storyboard in Resources */,
				3A75FD101EB41800008F5400 /* Post.storyboard in Resources */,
				3A75FD081EB416A1008F5400 /* Map.storyboard in Resources */,
				88790C081EB6F9BE0025C5EE /* MoviePosterView.xib in Resources */,
				3A2365DA1EB543D700D60443 /* GoogleService-Info.plist in Resources */,
				3A224FA41EAD611700091BB3 /* Assets.xcassets in Resources */,
				D35BE49A1EB698AC003E0C8F /* all_movies (1).json in Resources */,
				D31F4FEB1EB4552F003CC557 /* MenuViewController.xib in Resources */,
				3A75FD0A1EB416CF008F5400 /* List.storyboard in Resources */,
				3A224FA21EAD611700091BB3 /* Main.storyboard in Resources */,
			);
			runOnlyForDeploymentPostprocessing = 0;
		};
/* End PBXResourcesBuildPhase section */

/* Begin PBXShellScriptBuildPhase section */
		09BF0516AB5BE300F71F1AA6 /* [CP] Check Pods Manifest.lock */ = {
			isa = PBXShellScriptBuildPhase;
			buildActionMask = 2147483647;
			files = (
			);
			inputPaths = (
			);
			name = "[CP] Check Pods Manifest.lock";
			outputPaths = (
			);
			runOnlyForDeploymentPostprocessing = 0;
			shellPath = /bin/sh;
			shellScript = "diff \"${PODS_ROOT}/../Podfile.lock\" \"${PODS_ROOT}/Manifest.lock\" > /dev/null\nif [ $? != 0 ] ; then\n    # print error to STDERR\n    echo \"error: The sandbox is not in sync with the Podfile.lock. Run 'pod install' or update your CocoaPods installation.\" >&2\n    exit 1\nfi\n";
			showEnvVarsInLog = 0;
		};
		2276AF9E1FC5A66BB113A678 /* [CP] Copy Pods Resources */ = {
			isa = PBXShellScriptBuildPhase;
			buildActionMask = 2147483647;
			files = (
			);
			inputPaths = (
			);
			name = "[CP] Copy Pods Resources";
			outputPaths = (
			);
			runOnlyForDeploymentPostprocessing = 0;
			shellPath = /bin/sh;
			shellScript = "\"${SRCROOT}/Pods/Target Support Files/Pods-Film Locations/Pods-Film Locations-resources.sh\"\n";
			showEnvVarsInLog = 0;
		};
		7CFD87DB1F66D03A67104C78 /* [CP] Embed Pods Frameworks */ = {
			isa = PBXShellScriptBuildPhase;
			buildActionMask = 2147483647;
			files = (
			);
			inputPaths = (
			);
			name = "[CP] Embed Pods Frameworks";
			outputPaths = (
			);
			runOnlyForDeploymentPostprocessing = 0;
			shellPath = /bin/sh;
			shellScript = "\"${SRCROOT}/Pods/Target Support Files/Pods-Film Locations/Pods-Film Locations-frameworks.sh\"\n";
			showEnvVarsInLog = 0;
		};
/* End PBXShellScriptBuildPhase section */

/* Begin PBXSourcesBuildPhase section */
		3A224F951EAD611700091BB3 /* Sources */ = {
			isa = PBXSourcesBuildPhase;
			buildActionMask = 2147483647;
			files = (
				D3009ABE1EB5848500E075ED /* Movie.swift in Sources */,
				3A224F9F1EAD611700091BB3 /* MainViewController.swift in Sources */,
				D3009AC31EB584C200E075ED /* ListViewCell.swift in Sources */,
				D3009ABF1EB5848500E075ED /* Location.swift in Sources */,
				D3009AC01EB5848500E075ED /* FirebaseMovie.swift in Sources */,
				D3009AC51EB584CD00E075ED /* ListViewController.swift in Sources */,
				D35BE4981EB69384003E0C8F /* MapViewController.swift in Sources */,
				8894F1151EB945C500FFDAA1 /* MapView.swift in Sources */,
				D35BE4961EB692F1003E0C8F /* Database.swift in Sources */,
				3A2365DC1EB5495300D60443 /* LocationPhotoCollectionViewCell.swift in Sources */,
				3A2365D81EB47E4F00D60443 /* FilmDetailsViewController.swift in Sources */,
				D31F4FEA1EB4552F003CC557 /* MenuViewController.swift in Sources */,
				3A224F9D1EAD611700091BB3 /* AppDelegate.swift in Sources */,
				88790C0C1EB6FA3D0025C5EE /* MoviewPosterView.swift in Sources */,
				D31F4FED1EB45633003CC557 /* InternalConfiguration.swift in Sources */,
			);
			runOnlyForDeploymentPostprocessing = 0;
		};
/* End PBXSourcesBuildPhase section */

/* Begin PBXVariantGroup section */
		3A224FA01EAD611700091BB3 /* Main.storyboard */ = {
			isa = PBXVariantGroup;
			children = (
				3A224FA11EAD611700091BB3 /* Base */,
			);
			name = Main.storyboard;
			sourceTree = "<group>";
		};
		3A224FA51EAD611700091BB3 /* LaunchScreen.storyboard */ = {
			isa = PBXVariantGroup;
			children = (
				3A224FA61EAD611700091BB3 /* Base */,
			);
			name = LaunchScreen.storyboard;
			sourceTree = "<group>";
		};
/* End PBXVariantGroup section */

/* Begin XCBuildConfiguration section */
		3A224FA91EAD611700091BB3 /* Debug */ = {
			isa = XCBuildConfiguration;
			buildSettings = {
				ALWAYS_SEARCH_USER_PATHS = NO;
				CLANG_ANALYZER_NONNULL = YES;
				CLANG_ANALYZER_NUMBER_OBJECT_CONVERSION = YES_AGGRESSIVE;
				CLANG_CXX_LANGUAGE_STANDARD = "gnu++0x";
				CLANG_CXX_LIBRARY = "libc++";
				CLANG_ENABLE_MODULES = YES;
				CLANG_ENABLE_OBJC_ARC = YES;
				CLANG_WARN_BOOL_CONVERSION = YES;
				CLANG_WARN_CONSTANT_CONVERSION = YES;
				CLANG_WARN_DIRECT_OBJC_ISA_USAGE = YES_ERROR;
				CLANG_WARN_DOCUMENTATION_COMMENTS = YES;
				CLANG_WARN_EMPTY_BODY = YES;
				CLANG_WARN_ENUM_CONVERSION = YES;
				CLANG_WARN_INFINITE_RECURSION = YES;
				CLANG_WARN_INT_CONVERSION = YES;
				CLANG_WARN_OBJC_ROOT_CLASS = YES_ERROR;
				CLANG_WARN_SUSPICIOUS_MOVE = YES;
				CLANG_WARN_UNREACHABLE_CODE = YES;
				CLANG_WARN__DUPLICATE_METHOD_MATCH = YES;
				"CODE_SIGN_IDENTITY[sdk=iphoneos*]" = "iPhone Developer";
				COPY_PHASE_STRIP = NO;
				DEBUG_INFORMATION_FORMAT = dwarf;
				ENABLE_STRICT_OBJC_MSGSEND = YES;
				ENABLE_TESTABILITY = YES;
				GCC_C_LANGUAGE_STANDARD = gnu99;
				GCC_DYNAMIC_NO_PIC = NO;
				GCC_NO_COMMON_BLOCKS = YES;
				GCC_OPTIMIZATION_LEVEL = 0;
				GCC_PREPROCESSOR_DEFINITIONS = (
					"DEBUG=1",
					"$(inherited)",
				);
				GCC_WARN_64_TO_32_BIT_CONVERSION = YES;
				GCC_WARN_ABOUT_RETURN_TYPE = YES_ERROR;
				GCC_WARN_UNDECLARED_SELECTOR = YES;
				GCC_WARN_UNINITIALIZED_AUTOS = YES_AGGRESSIVE;
				GCC_WARN_UNUSED_FUNCTION = YES;
				GCC_WARN_UNUSED_VARIABLE = YES;
				IPHONEOS_DEPLOYMENT_TARGET = 10.3;
				MTL_ENABLE_DEBUG_INFO = YES;
				ONLY_ACTIVE_ARCH = YES;
				SDKROOT = iphoneos;
				SWIFT_ACTIVE_COMPILATION_CONDITIONS = DEBUG;
				SWIFT_OPTIMIZATION_LEVEL = "-Onone";
			};
			name = Debug;
		};
		3A224FAA1EAD611700091BB3 /* Release */ = {
			isa = XCBuildConfiguration;
			buildSettings = {
				ALWAYS_SEARCH_USER_PATHS = NO;
				CLANG_ANALYZER_NONNULL = YES;
				CLANG_ANALYZER_NUMBER_OBJECT_CONVERSION = YES_AGGRESSIVE;
				CLANG_CXX_LANGUAGE_STANDARD = "gnu++0x";
				CLANG_CXX_LIBRARY = "libc++";
				CLANG_ENABLE_MODULES = YES;
				CLANG_ENABLE_OBJC_ARC = YES;
				CLANG_WARN_BOOL_CONVERSION = YES;
				CLANG_WARN_CONSTANT_CONVERSION = YES;
				CLANG_WARN_DIRECT_OBJC_ISA_USAGE = YES_ERROR;
				CLANG_WARN_DOCUMENTATION_COMMENTS = YES;
				CLANG_WARN_EMPTY_BODY = YES;
				CLANG_WARN_ENUM_CONVERSION = YES;
				CLANG_WARN_INFINITE_RECURSION = YES;
				CLANG_WARN_INT_CONVERSION = YES;
				CLANG_WARN_OBJC_ROOT_CLASS = YES_ERROR;
				CLANG_WARN_SUSPICIOUS_MOVE = YES;
				CLANG_WARN_UNREACHABLE_CODE = YES;
				CLANG_WARN__DUPLICATE_METHOD_MATCH = YES;
				"CODE_SIGN_IDENTITY[sdk=iphoneos*]" = "iPhone Developer";
				COPY_PHASE_STRIP = NO;
				DEBUG_INFORMATION_FORMAT = "dwarf-with-dsym";
				ENABLE_NS_ASSERTIONS = NO;
				ENABLE_STRICT_OBJC_MSGSEND = YES;
				GCC_C_LANGUAGE_STANDARD = gnu99;
				GCC_NO_COMMON_BLOCKS = YES;
				GCC_WARN_64_TO_32_BIT_CONVERSION = YES;
				GCC_WARN_ABOUT_RETURN_TYPE = YES_ERROR;
				GCC_WARN_UNDECLARED_SELECTOR = YES;
				GCC_WARN_UNINITIALIZED_AUTOS = YES_AGGRESSIVE;
				GCC_WARN_UNUSED_FUNCTION = YES;
				GCC_WARN_UNUSED_VARIABLE = YES;
				IPHONEOS_DEPLOYMENT_TARGET = 10.3;
				MTL_ENABLE_DEBUG_INFO = NO;
				SDKROOT = iphoneos;
				SWIFT_OPTIMIZATION_LEVEL = "-Owholemodule";
				VALIDATE_PRODUCT = YES;
			};
			name = Release;
		};
		3A224FAC1EAD611700091BB3 /* Debug */ = {
			isa = XCBuildConfiguration;
			baseConfigurationReference = 95F5320A160EB9BDD66EB8A0 /* Pods-Film Locations.debug.xcconfig */;
			buildSettings = {
				ASSETCATALOG_COMPILER_APPICON_NAME = AppIcon;
				DEVELOPMENT_TEAM = 57478PSBBB;
				INFOPLIST_FILE = "Film Locations/Info.plist";
				IPHONEOS_DEPLOYMENT_TARGET = 9.0;
				LD_RUNPATH_SEARCH_PATHS = "$(inherited) @executable_path/Frameworks";
				PRODUCT_BUNDLE_IDENTIFIER = "com.codepath.spring17.FilmLocations.Film-Locations";
				PRODUCT_NAME = "$(TARGET_NAME)";
				SWIFT_VERSION = 3.0;
			};
			name = Debug;
		};
		3A224FAD1EAD611700091BB3 /* Release */ = {
			isa = XCBuildConfiguration;
			baseConfigurationReference = D251F5A791118332ED48C6CD /* Pods-Film Locations.release.xcconfig */;
			buildSettings = {
				ASSETCATALOG_COMPILER_APPICON_NAME = AppIcon;
				DEVELOPMENT_TEAM = 57478PSBBB;
				INFOPLIST_FILE = "Film Locations/Info.plist";
				IPHONEOS_DEPLOYMENT_TARGET = 9.0;
				LD_RUNPATH_SEARCH_PATHS = "$(inherited) @executable_path/Frameworks";
				PRODUCT_BUNDLE_IDENTIFIER = "com.codepath.spring17.FilmLocations.Film-Locations";
				PRODUCT_NAME = "$(TARGET_NAME)";
				SWIFT_VERSION = 3.0;
			};
			name = Release;
		};
/* End XCBuildConfiguration section */

/* Begin XCConfigurationList section */
		3A224F941EAD611700091BB3 /* Build configuration list for PBXProject "Film Locations" */ = {
			isa = XCConfigurationList;
			buildConfigurations = (
				3A224FA91EAD611700091BB3 /* Debug */,
				3A224FAA1EAD611700091BB3 /* Release */,
			);
			defaultConfigurationIsVisible = 0;
			defaultConfigurationName = Release;
		};
		3A224FAB1EAD611700091BB3 /* Build configuration list for PBXNativeTarget "Film Locations" */ = {
			isa = XCConfigurationList;
			buildConfigurations = (
				3A224FAC1EAD611700091BB3 /* Debug */,
				3A224FAD1EAD611700091BB3 /* Release */,
			);
			defaultConfigurationIsVisible = 0;
			defaultConfigurationName = Release;
		};
/* End XCConfigurationList section */
	};
	rootObject = 3A224F911EAD611700091BB3 /* Project object */;
}
