// !$*UTF8*$!
{
	archiveVersion = 1;
	classes = {
	};
	objectVersion = 46;
	objects = {

/* Begin PBXBuildFile section */
		3A224F9D1EAD611700091BB3 /* AppDelegate.swift in Sources */ = {isa = PBXBuildFile; fileRef = 3A224F9C1EAD611700091BB3 /* AppDelegate.swift */; };
		3A224F9F1EAD611700091BB3 /* ViewController.swift in Sources */ = {isa = PBXBuildFile; fileRef = 3A224F9E1EAD611700091BB3 /* ViewController.swift */; };
		3A224FA21EAD611700091BB3 /* Main.storyboard in Resources */ = {isa = PBXBuildFile; fileRef = 3A224FA01EAD611700091BB3 /* Main.storyboard */; };
		3A224FA41EAD611700091BB3 /* Assets.xcassets in Resources */ = {isa = PBXBuildFile; fileRef = 3A224FA31EAD611700091BB3 /* Assets.xcassets */; };
		3A224FA71EAD611700091BB3 /* LaunchScreen.storyboard in Resources */ = {isa = PBXBuildFile; fileRef = 3A224FA51EAD611700091BB3 /* LaunchScreen.storyboard */; };
/* End PBXBuildFile section */

/* Begin PBXFileReference section */
		3A224F991EAD611700091BB3 /* Film Locations.app */ = {isa = PBXFileReference; explicitFileType = wrapper.application; includeInIndex = 0; path = "Film Locations.app"; sourceTree = BUILT_PRODUCTS_DIR; };
		3A224F9C1EAD611700091BB3 /* AppDelegate.swift */ = {isa = PBXFileReference; lastKnownFileType = sourcecode.swift; path = AppDelegate.swift; sourceTree = "<group>"; };
		3A224F9E1EAD611700091BB3 /* ViewController.swift */ = {isa = PBXFileReference; lastKnownFileType = sourcecode.swift; path = ViewController.swift; sourceTree = "<group>"; };
		3A224FA11EAD611700091BB3 /* Base */ = {isa = PBXFileReference; lastKnownFileType = file.storyboard; name = Base; path = Base.lproj/Main.storyboard; sourceTree = "<group>"; };
		3A224FA31EAD611700091BB3 /* Assets.xcassets */ = {isa = PBXFileReference; lastKnownFileType = folder.assetcatalog; path = Assets.xcassets; sourceTree = "<group>"; };
		3A224FA61EAD611700091BB3 /* Base */ = {isa = PBXFileReference; lastKnownFileType = file.storyboard; name = Base; path = Base.lproj/LaunchScreen.storyboard; sourceTree = "<group>"; };
		3A224FA81EAD611700091BB3 /* Info.plist */ = {isa = PBXFileReference; lastKnownFileType = text.plist.xml; path = Info.plist; sourceTree = "<group>"; };
/* End PBXFileReference section */

/* Begin PBXFrameworksBuildPhase section */
		3A224F961EAD611700091BB3 /* Frameworks */ = {
			isa = PBXFrameworksBuildPhase;
			buildActionMask = 2147483647;
			files = (
			);
			runOnlyForDeploymentPostprocessing = 0;
		};
/* End PBXFrameworksBuildPhase section */

/* Begin PBXGroup section */
		3A224F901EAD611700091BB3 = {
			isa = PBXGroup;
			children = (
				3A224F9B1EAD611700091BB3 /* Film Locations */,
				3A224F9A1EAD611700091BB3 /* Products */,
			);
			sourceTree = "<group>";
		};
		3A224F9A1EAD611700091BB3 /* Products */ = {
			isa = PBXGroup;
			children = (
				3A224F991EAD611700091BB3 /* Film Locations.app */,
			);
			name = Products;
			sourceTree = "<group>";
		};
		3A224F9B1EAD611700091BB3 /* Film Locations */ = {
			isa = PBXGroup;
			children = (
				3A224F9C1EAD611700091BB3 /* AppDelegate.swift */,
				3A224F9E1EAD611700091BB3 /* ViewController.swift */,
				3A224FA01EAD611700091BB3 /* Main.storyboard */,
				3A224FA31EAD611700091BB3 /* Assets.xcassets */,
				3A224FA51EAD611700091BB3 /* LaunchScreen.storyboard */,
				3A224FA81EAD611700091BB3 /* Info.plist */,
			);
			path = "Film Locations";
			sourceTree = "<group>";
		};
/* End PBXGroup section */

/* Begin PBXNativeTarget section */
		3A224F981EAD611700091BB3 /* Film Locations */ = {
			isa = PBXNativeTarget;
			buildConfigurationList = 3A224FAB1EAD611700091BB3 /* Build configuration list for PBXNativeTarget "Film Locations" */;
			buildPhases = (
				3A224F951EAD611700091BB3 /* Sources */,
				3A224F961EAD611700091BB3 /* Frameworks */,
				3A224F971EAD611700091BB3 /* Resources */,
			);
			buildRules = (
			);
			dependencies = (
			);
			name = "Film Locations";
			productName = "Film Locations";
			productReference = 3A224F991EAD611700091BB3 /* Film Locations.app */;
			productType = "com.apple.product-type.application";
		};
/* End PBXNativeTarget section */

/* Begin PBXProject section */
		3A224F911EAD611700091BB3 /* Project object */ = {
			isa = PBXProject;
			attributes = {
				LastSwiftUpdateCheck = 0830;
				LastUpgradeCheck = 0830;
				ORGANIZATIONNAME = "Codepath Spring17";
				TargetAttributes = {
					3A224F981EAD611700091BB3 = {
						CreatedOnToolsVersion = 8.3.1;
						ProvisioningStyle = Automatic;
					};
				};
			};
			buildConfigurationList = 3A224F941EAD611700091BB3 /* Build configuration list for PBXProject "Film Locations" */;
			compatibilityVersion = "Xcode 3.2";
			developmentRegion = English;
			hasScannedForEncodings = 0;
			knownRegions = (
				en,
				Base,
			);
			mainGroup = 3A224F901EAD611700091BB3;
			productRefGroup = 3A224F9A1EAD611700091BB3 /* Products */;
			projectDirPath = "";
			projectRoot = "";
			targets = (
				3A224F981EAD611700091BB3 /* Film Locations */,
			);
		};
/* End PBXProject section */

/* Begin PBXResourcesBuildPhase section */
		3A224F971EAD611700091BB3 /* Resources */ = {
			isa = PBXResourcesBuildPhase;
			buildActionMask = 2147483647;
			files = (
				3A224FA71EAD611700091BB3 /* LaunchScreen.storyboard in Resources */,
				3A224FA41EAD611700091BB3 /* Assets.xcassets in Resources */,
				3A224FA21EAD611700091BB3 /* Main.storyboard in Resources */,
			);
			runOnlyForDeploymentPostprocessing = 0;
		};
/* End PBXResourcesBuildPhase section */

/* Begin PBXSourcesBuildPhase section */
		3A224F951EAD611700091BB3 /* Sources */ = {
			isa = PBXSourcesBuildPhase;
			buildActionMask = 2147483647;
			files = (
				3A224F9F1EAD611700091BB3 /* ViewController.swift in Sources */,
				3A224F9D1EAD611700091BB3 /* AppDelegate.swift in Sources */,
			);
			runOnlyForDeploymentPostprocessing = 0;
		};
/* End PBXSourcesBuildPhase section */

/* Begin PBXVariantGroup section */
		3A224FA01EAD611700091BB3 /* Main.storyboard */ = {
			isa = PBXVariantGroup;
			children = (
				3A224FA11EAD611700091BB3 /* Base */,
			);
			name = Main.storyboard;
			sourceTree = "<group>";
		};
		3A224FA51EAD611700091BB3 /* LaunchScreen.storyboard */ = {
			isa = PBXVariantGroup;
			children = (
				3A224FA61EAD611700091BB3 /* Base */,
			);
			name = LaunchScreen.storyboard;
			sourceTree = "<group>";
		};
/* End PBXVariantGroup section */

/* Begin XCBuildConfiguration section */
		3A224FA91EAD611700091BB3 /* Debug */ = {
			isa = XCBuildConfiguration;
			buildSettings = {
				ALWAYS_SEARCH_USER_PATHS = NO;
				CLANG_ANALYZER_NONNULL = YES;
				CLANG_ANALYZER_NUMBER_OBJECT_CONVERSION = YES_AGGRESSIVE;
				CLANG_CXX_LANGUAGE_STANDARD = "gnu++0x";
				CLANG_CXX_LIBRARY = "libc++";
				CLANG_ENABLE_MODULES = YES;
				CLANG_ENABLE_OBJC_ARC = YES;
				CLANG_WARN_BOOL_CONVERSION = YES;
				CLANG_WARN_CONSTANT_CONVERSION = YES;
				CLANG_WARN_DIRECT_OBJC_ISA_USAGE = YES_ERROR;
				CLANG_WARN_DOCUMENTATION_COMMENTS = YES;
				CLANG_WARN_EMPTY_BODY = YES;
				CLANG_WARN_ENUM_CONVERSION = YES;
				CLANG_WARN_INFINITE_RECURSION = YES;
				CLANG_WARN_INT_CONVERSION = YES;
				CLANG_WARN_OBJC_ROOT_CLASS = YES_ERROR;
				CLANG_WARN_SUSPICIOUS_MOVE = YES;
				CLANG_WARN_UNREACHABLE_CODE = YES;
				CLANG_WARN__DUPLICATE_METHOD_MATCH = YES;
				"CODE_SIGN_IDENTITY[sdk=iphoneos*]" = "iPhone Developer";
				COPY_PHASE_STRIP = NO;
				DEBUG_INFORMATION_FORMAT = dwarf;
				ENABLE_STRICT_OBJC_MSGSEND = YES;
				ENABLE_TESTABILITY = YES;
				GCC_C_LANGUAGE_STANDARD = gnu99;
				GCC_DYNAMIC_NO_PIC = NO;
				GCC_NO_COMMON_BLOCKS = YES;
				GCC_OPTIMIZATION_LEVEL = 0;
				GCC_PREPROCESSOR_DEFINITIONS = (
					"DEBUG=1",
					"$(inherited)",
				);
				GCC_WARN_64_TO_32_BIT_CONVERSION = YES;
				GCC_WARN_ABOUT_RETURN_TYPE = YES_ERROR;
				GCC_WARN_UNDECLARED_SELECTOR = YES;
				GCC_WARN_UNINITIALIZED_AUTOS = YES_AGGRESSIVE;
				GCC_WARN_UNUSED_FUNCTION = YES;
				GCC_WARN_UNUSED_VARIABLE = YES;
				IPHONEOS_DEPLOYMENT_TARGET = 10.3;
				MTL_ENABLE_DEBUG_INFO = YES;
				ONLY_ACTIVE_ARCH = YES;
				SDKROOT = iphoneos;
				SWIFT_ACTIVE_COMPILATION_CONDITIONS = DEBUG;
				SWIFT_OPTIMIZATION_LEVEL = "-Onone";
			};
			name = Debug;
		};
		3A224FAA1EAD611700091BB3 /* Release */ = {
			isa = XCBuildConfiguration;
			buildSettings = {
				ALWAYS_SEARCH_USER_PATHS = NO;
				CLANG_ANALYZER_NONNULL = YES;
				CLANG_ANALYZER_NUMBER_OBJECT_CONVERSION = YES_AGGRESSIVE;
				CLANG_CXX_LANGUAGE_STANDARD = "gnu++0x";
				CLANG_CXX_LIBRARY = "libc++";
				CLANG_ENABLE_MODULES = YES;
				CLANG_ENABLE_OBJC_ARC = YES;
				CLANG_WARN_BOOL_CONVERSION = YES;
				CLANG_WARN_CONSTANT_CONVERSION = YES;
				CLANG_WARN_DIRECT_OBJC_ISA_USAGE = YES_ERROR;
				CLANG_WARN_DOCUMENTATION_COMMENTS = YES;
				CLANG_WARN_EMPTY_BODY = YES;
				CLANG_WARN_ENUM_CONVERSION = YES;
				CLANG_WARN_INFINITE_RECURSION = YES;
				CLANG_WARN_INT_CONVERSION = YES;
				CLANG_WARN_OBJC_ROOT_CLASS = YES_ERROR;
				CLANG_WARN_SUSPICIOUS_MOVE = YES;
				CLANG_WARN_UNREACHABLE_CODE = YES;
				CLANG_WARN__DUPLICATE_METHOD_MATCH = YES;
				"CODE_SIGN_IDENTITY[sdk=iphoneos*]" = "iPhone Developer";
				COPY_PHASE_STRIP = NO;
				DEBUG_INFORMATION_FORMAT = "dwarf-with-dsym";
				ENABLE_NS_ASSERTIONS = NO;
				ENABLE_STRICT_OBJC_MSGSEND = YES;
				GCC_C_LANGUAGE_STANDARD = gnu99;
				GCC_NO_COMMON_BLOCKS = YES;
				GCC_WARN_64_TO_32_BIT_CONVERSION = YES;
				GCC_WARN_ABOUT_RETURN_TYPE = YES_ERROR;
				GCC_WARN_UNDECLARED_SELECTOR = YES;
				GCC_WARN_UNINITIALIZED_AUTOS = YES_AGGRESSIVE;
				GCC_WARN_UNUSED_FUNCTION = YES;
				GCC_WARN_UNUSED_VARIABLE = YES;
				IPHONEOS_DEPLOYMENT_TARGET = 10.3;
				MTL_ENABLE_DEBUG_INFO = NO;
				SDKROOT = iphoneos;
				SWIFT_OPTIMIZATION_LEVEL = "-Owholemodule";
				VALIDATE_PRODUCT = YES;
			};
			name = Release;
		};
		3A224FAC1EAD611700091BB3 /* Debug */ = {
			isa = XCBuildConfiguration;
			buildSettings = {
				ASSETCATALOG_COMPILER_APPICON_NAME = AppIcon;
				INFOPLIST_FILE = "Film Locations/Info.plist";
				LD_RUNPATH_SEARCH_PATHS = "$(inherited) @executable_path/Frameworks";
				PRODUCT_BUNDLE_IDENTIFIER = "com.codepath.spring17.FilmLocations.Film-Locations";
				PRODUCT_NAME = "$(TARGET_NAME)";
				SWIFT_VERSION = 3.0;
			};
			name = Debug;
		};
		3A224FAD1EAD611700091BB3 /* Release */ = {
			isa = XCBuildConfiguration;
			buildSettings = {
				ASSETCATALOG_COMPILER_APPICON_NAME = AppIcon;
				INFOPLIST_FILE = "Film Locations/Info.plist";
				LD_RUNPATH_SEARCH_PATHS = "$(inherited) @executable_path/Frameworks";
				PRODUCT_BUNDLE_IDENTIFIER = "com.codepath.spring17.FilmLocations.Film-Locations";
				PRODUCT_NAME = "$(TARGET_NAME)";
				SWIFT_VERSION = 3.0;
			};
			name = Release;
		};
/* End XCBuildConfiguration section */

/* Begin XCConfigurationList section */
		3A224F941EAD611700091BB3 /* Build configuration list for PBXProject "Film Locations" */ = {
			isa = XCConfigurationList;
			buildConfigurations = (
				3A224FA91EAD611700091BB3 /* Debug */,
				3A224FAA1EAD611700091BB3 /* Release */,
			);
			defaultConfigurationIsVisible = 0;
			defaultConfigurationName = Release;
		};
		3A224FAB1EAD611700091BB3 /* Build configuration list for PBXNativeTarget "Film Locations" */ = {
			isa = XCConfigurationList;
			buildConfigurations = (
				3A224FAC1EAD611700091BB3 /* Debug */,
				3A224FAD1EAD611700091BB3 /* Release */,
			);
			defaultConfigurationIsVisible = 0;
		};
/* End XCConfigurationList section */
	};
	rootObject = 3A224F911EAD611700091BB3 /* Project object */;
}
